<?xml version="1.0" encoding="utf-8"?>
<Project ToolsVersion="12.0" xmlns="http://schemas.microsoft.com/developer/msbuild/2003">
  <ItemGroup>
    <Text Include="$(MSBuildThisFileDirectory)readme.txt" />
  </ItemGroup>
  <ItemGroup>
    <ClCompile Include="$(MSBuildThisFileDirectory)BdlBluetoothSerial.cpp" />
    <ClCompile Include="$(MSBuildThisFileDirectory)setup.cpp" />
    <ClCompile Include="$(MSBuildThisFileDirectory)YtesAudio.cpp" />
    <ClCompile Include="$(MSBuildThisFileDirectory)YtesServo.cpp" />
    <ClCompile Include="$(MSBuildThisFileDirectory)YtesNaped.cpp" />
    <ClCompile Include="$(MSBuildThisFileDirectory)YtesZyroskop.cpp" />
    <ClCompile Include="$(MSBuildThisFileDirectory)YtesRadar.cpp" />
    <ClCompile Include="$(MSBuildThisFileDirectory)YtesLed.cpp" />
  </ItemGroup>
  <ItemGroup>
    <ClInclude Include="$(MSBuildThisFileDirectory)BdlBluetoothSerial.h" />
    <ClInclude Include="$(MSBuildThisFileDirectory)setup.h" />
    <ClInclude Include="$(MSBuildThisFileDirectory)YtesAudio.h" />
    <ClInclude Include="$(MSBuildThisFileDirectory)YtesServo.h" />
    <ClInclude Include="$(MSBuildThisFileDirectory)YtesNaped.h" />
    <ClInclude Include="$(MSBuildThisFileDirectory)YtesZyroskop.h" />
    <ClInclude Include="$(MSBuildThisFileDirectory)YtesRadar.h" />
    <ClInclude Include="$(MSBuildThisFileDirectory)YtesLed.h" />
    <ClInclude Include="$(MSBuildThisFileDirectory)YtesWSled.h" />
  </ItemGroup>
</Project>